// !$*UTF8*$!
{
	archiveVersion = 1;
	classes = {
	};
	objectVersion = 56;
	objects = {

/* Begin PBXBuildFile section */
		CD8907C32C83450800BF6427 /* ApplePieApp.swift in Sources */ = {isa = PBXBuildFile; fileRef = CD8907C22C83450800BF6427 /* ApplePieApp.swift */; };
		CD8907C52C83450800BF6427 /* ContentView.swift in Sources */ = {isa = PBXBuildFile; fileRef = CD8907C42C83450800BF6427 /* ContentView.swift */; };
		CD8907C72C83450900BF6427 /* Assets.xcassets in Resources */ = {isa = PBXBuildFile; fileRef = CD8907C62C83450900BF6427 /* Assets.xcassets */; };
		CD8907CA2C83450900BF6427 /* Preview Assets.xcassets in Resources */ = {isa = PBXBuildFile; fileRef = CD8907C92C83450900BF6427 /* Preview Assets.xcassets */; };
		CD8907D42C83450900BF6427 /* ApplePieTests.swift in Sources */ = {isa = PBXBuildFile; fileRef = CD8907D32C83450900BF6427 /* ApplePieTests.swift */; };
		CD8907DE2C83450A00BF6427 /* ApplePieUITests.swift in Sources */ = {isa = PBXBuildFile; fileRef = CD8907DD2C83450A00BF6427 /* ApplePieUITests.swift */; };
		CD8907E02C83450A00BF6427 /* ApplePieUITestsLaunchTests.swift in Sources */ = {isa = PBXBuildFile; fileRef = CD8907DF2C83450A00BF6427 /* ApplePieUITestsLaunchTests.swift */; };
/* End PBXBuildFile section */

/* Begin PBXContainerItemProxy section */
		CD8907D02C83450900BF6427 /* PBXContainerItemProxy */ = {
			isa = PBXContainerItemProxy;
			containerPortal = CD8907B72C83450800BF6427 /* Project object */;
			proxyType = 1;
			remoteGlobalIDString = CD8907BE2C83450800BF6427;
			remoteInfo = ApplePie;
		};
		CD8907DA2C83450A00BF6427 /* PBXContainerItemProxy */ = {
			isa = PBXContainerItemProxy;
			containerPortal = CD8907B72C83450800BF6427 /* Project object */;
			proxyType = 1;
			remoteGlobalIDString = CD8907BE2C83450800BF6427;
			remoteInfo = ApplePie;
		};
/* End PBXContainerItemProxy section */

/* Begin PBXFileReference section */
		CD8907BF2C83450800BF6427 /* ApplePie.app */ = {isa = PBXFileReference; explicitFileType = wrapper.application; includeInIndex = 0; path = ApplePie.app; sourceTree = BUILT_PRODUCTS_DIR; };
		CD8907C22C83450800BF6427 /* ApplePieApp.swift */ = {isa = PBXFileReference; lastKnownFileType = sourcecode.swift; path = ApplePieApp.swift; sourceTree = "<group>"; };
		CD8907C42C83450800BF6427 /* ContentView.swift */ = {isa = PBXFileReference; lastKnownFileType = sourcecode.swift; path = ContentView.swift; sourceTree = "<group>"; };
		CD8907C62C83450900BF6427 /* Assets.xcassets */ = {isa = PBXFileReference; lastKnownFileType = folder.assetcatalog; path = Assets.xcassets; sourceTree = "<group>"; };
		CD8907C92C83450900BF6427 /* Preview Assets.xcassets */ = {isa = PBXFileReference; lastKnownFileType = folder.assetcatalog; path = "Preview Assets.xcassets"; sourceTree = "<group>"; };
		CD8907CF2C83450900BF6427 /* ApplePieTests.xctest */ = {isa = PBXFileReference; explicitFileType = wrapper.cfbundle; includeInIndex = 0; path = ApplePieTests.xctest; sourceTree = BUILT_PRODUCTS_DIR; };
		CD8907D32C83450900BF6427 /* ApplePieTests.swift */ = {isa = PBXFileReference; lastKnownFileType = sourcecode.swift; path = ApplePieTests.swift; sourceTree = "<group>"; };
		CD8907D92C83450A00BF6427 /* ApplePieUITests.xctest */ = {isa = PBXFileReference; explicitFileType = wrapper.cfbundle; includeInIndex = 0; path = ApplePieUITests.xctest; sourceTree = BUILT_PRODUCTS_DIR; };
		CD8907DD2C83450A00BF6427 /* ApplePieUITests.swift */ = {isa = PBXFileReference; lastKnownFileType = sourcecode.swift; path = ApplePieUITests.swift; sourceTree = "<group>"; };
		CD8907DF2C83450A00BF6427 /* ApplePieUITestsLaunchTests.swift */ = {isa = PBXFileReference; lastKnownFileType = sourcecode.swift; path = ApplePieUITestsLaunchTests.swift; sourceTree = "<group>"; };
/* End PBXFileReference section */

/* Begin PBXFrameworksBuildPhase section */
		CD8907BC2C83450800BF6427 /* Frameworks */ = {
			isa = PBXFrameworksBuildPhase;
			buildActionMask = 2147483647;
			files = (
			);
			runOnlyForDeploymentPostprocessing = 0;
		};
		CD8907CC2C83450900BF6427 /* Frameworks */ = {
			isa = PBXFrameworksBuildPhase;
			buildActionMask = 2147483647;
			files = (
			);
			runOnlyForDeploymentPostprocessing = 0;
		};
		CD8907D62C83450A00BF6427 /* Frameworks */ = {
			isa = PBXFrameworksBuildPhase;
			buildActionMask = 2147483647;
			files = (
			);
			runOnlyForDeploymentPostprocessing = 0;
		};
/* End PBXFrameworksBuildPhase section */

/* Begin PBXGroup section */
		CD8907B62C83450800BF6427 = {
			isa = PBXGroup;
			children = (
				CD8907C12C83450800BF6427 /* ApplePie */,
				CD8907D22C83450900BF6427 /* ApplePieTests */,
				CD8907DC2C83450A00BF6427 /* ApplePieUITests */,
				CD8907C02C83450800BF6427 /* Products */,
			);
			sourceTree = "<group>";
		};
		CD8907C02C83450800BF6427 /* Products */ = {
			isa = PBXGroup;
			children = (
				CD8907BF2C83450800BF6427 /* ApplePie.app */,
				CD8907CF2C83450900BF6427 /* ApplePieTests.xctest */,
				CD8907D92C83450A00BF6427 /* ApplePieUITests.xctest */,
			);
			name = Products;
			sourceTree = "<group>";
		};
		CD8907C12C83450800BF6427 /* ApplePie */ = {
			isa = PBXGroup;
			children = (
				CD8907C22C83450800BF6427 /* ApplePieApp.swift */,
				CD8907C42C83450800BF6427 /* ContentView.swift */,
				CD8907C62C83450900BF6427 /* Assets.xcassets */,
				CD8907C82C83450900BF6427 /* Preview Content */,
			);
			path = ApplePie;
			sourceTree = "<group>";
		};
		CD8907C82C83450900BF6427 /* Preview Content */ = {
			isa = PBXGroup;
			children = (
				CD8907C92C83450900BF6427 /* Preview Assets.xcassets */,
			);
			path = "Preview Content";
			sourceTree = "<group>";
		};
		CD8907D22C83450900BF6427 /* ApplePieTests */ = {
			isa = PBXGroup;
			children = (
				CD8907D32C83450900BF6427 /* ApplePieTests.swift */,
			);
			path = ApplePieTests;
			sourceTree = "<group>";
		};
		CD8907DC2C83450A00BF6427 /* ApplePieUITests */ = {
			isa = PBXGroup;
			children = (
				CD8907DD2C83450A00BF6427 /* ApplePieUITests.swift */,
				CD8907DF2C83450A00BF6427 /* ApplePieUITestsLaunchTests.swift */,
			);
			path = ApplePieUITests;
			sourceTree = "<group>";
		};
/* End PBXGroup section */

/* Begin PBXNativeTarget section */
		CD8907BE2C83450800BF6427 /* ApplePie */ = {
			isa = PBXNativeTarget;
			buildConfigurationList = CD8907E32C83450A00BF6427 /* Build configuration list for PBXNativeTarget "ApplePie" */;
			buildPhases = (
				CD8907BB2C83450800BF6427 /* Sources */,
				CD8907BC2C83450800BF6427 /* Frameworks */,
				CD8907BD2C83450800BF6427 /* Resources */,
			);
			buildRules = (
			);
			dependencies = (
			);
			name = ApplePie;
			productName = ApplePie;
			productReference = CD8907BF2C83450800BF6427 /* ApplePie.app */;
			productType = "com.apple.product-type.application";
		};
		CD8907CE2C83450900BF6427 /* ApplePieTests */ = {
			isa = PBXNativeTarget;
			buildConfigurationList = CD8907E62C83450A00BF6427 /* Build configuration list for PBXNativeTarget "ApplePieTests" */;
			buildPhases = (
				CD8907CB2C83450900BF6427 /* Sources */,
				CD8907CC2C83450900BF6427 /* Frameworks */,
				CD8907CD2C83450900BF6427 /* Resources */,
			);
			buildRules = (
			);
			dependencies = (
				CD8907D12C83450900BF6427 /* PBXTargetDependency */,
			);
			name = ApplePieTests;
			productName = ApplePieTests;
			productReference = CD8907CF2C83450900BF6427 /* ApplePieTests.xctest */;
			productType = "com.apple.product-type.bundle.unit-test";
		};
		CD8907D82C83450A00BF6427 /* ApplePieUITests */ = {
			isa = PBXNativeTarget;
			buildConfigurationList = CD8907E92C83450A00BF6427 /* Build configuration list for PBXNativeTarget "ApplePieUITests" */;
			buildPhases = (
				CD8907D52C83450A00BF6427 /* Sources */,
				CD8907D62C83450A00BF6427 /* Frameworks */,
				CD8907D72C83450A00BF6427 /* Resources */,
			);
			buildRules = (
			);
			dependencies = (
				CD8907DB2C83450A00BF6427 /* PBXTargetDependency */,
			);
			name = ApplePieUITests;
			productName = ApplePieUITests;
			productReference = CD8907D92C83450A00BF6427 /* ApplePieUITests.xctest */;
			productType = "com.apple.product-type.bundle.ui-testing";
		};
/* End PBXNativeTarget section */

/* Begin PBXProject section */
		CD8907B72C83450800BF6427 /* Project object */ = {
			isa = PBXProject;
			attributes = {
				BuildIndependentTargetsInParallel = 1;
				LastSwiftUpdateCheck = 1540;
				LastUpgradeCheck = 1540;
				TargetAttributes = {
					CD8907BE2C83450800BF6427 = {
						CreatedOnToolsVersion = 15.4;
					};
					CD8907CE2C83450900BF6427 = {
						CreatedOnToolsVersion = 15.4;
						TestTargetID = CD8907BE2C83450800BF6427;
					};
					CD8907D82C83450A00BF6427 = {
						CreatedOnToolsVersion = 15.4;
						TestTargetID = CD8907BE2C83450800BF6427;
					};
				};
			};
			buildConfigurationList = CD8907BA2C83450800BF6427 /* Build configuration list for PBXProject "ApplePie" */;
			compatibilityVersion = "Xcode 14.0";
			developmentRegion = en;
			hasScannedForEncodings = 0;
			knownRegions = (
				en,
				Base,
			);
			mainGroup = CD8907B62C83450800BF6427;
			productRefGroup = CD8907C02C83450800BF6427 /* Products */;
			projectDirPath = "";
			projectRoot = "";
			targets = (
				CD8907BE2C83450800BF6427 /* ApplePie */,
				CD8907CE2C83450900BF6427 /* ApplePieTests */,
				CD8907D82C83450A00BF6427 /* ApplePieUITests */,
			);
		};
/* End PBXProject section */

/* Begin PBXResourcesBuildPhase section */
		CD8907BD2C83450800BF6427 /* Resources */ = {
			isa = PBXResourcesBuildPhase;
			buildActionMask = 2147483647;
			files = (
				CD8907CA2C83450900BF6427 /* Preview Assets.xcassets in Resources */,
				CD8907C72C83450900BF6427 /* Assets.xcassets in Resources */,
			);
			runOnlyForDeploymentPostprocessing = 0;
		};
		CD8907CD2C83450900BF6427 /* Resources */ = {
			isa = PBXResourcesBuildPhase;
			buildActionMask = 2147483647;
			files = (
			);
			runOnlyForDeploymentPostprocessing = 0;
		};
		CD8907D72C83450A00BF6427 /* Resources */ = {
			isa = PBXResourcesBuildPhase;
			buildActionMask = 2147483647;
			files = (
			);
			runOnlyForDeploymentPostprocessing = 0;
		};
/* End PBXResourcesBuildPhase section */

/* Begin PBXSourcesBuildPhase section */
		CD8907BB2C83450800BF6427 /* Sources */ = {
			isa = PBXSourcesBuildPhase;
			buildActionMask = 2147483647;
			files = (
				CD8907C52C83450800BF6427 /* ContentView.swift in Sources */,
				CD8907C32C83450800BF6427 /* ApplePieApp.swift in Sources */,
			);
			runOnlyForDeploymentPostprocessing = 0;
		};
		CD8907CB2C83450900BF6427 /* Sources */ = {
			isa = PBXSourcesBuildPhase;
			buildActionMask = 2147483647;
			files = (
				CD8907D42C83450900BF6427 /* ApplePieTests.swift in Sources */,
			);
			runOnlyForDeploymentPostprocessing = 0;
		};
		CD8907D52C83450A00BF6427 /* Sources */ = {
			isa = PBXSourcesBuildPhase;
			buildActionMask = 2147483647;
			files = (
				CD8907E02C83450A00BF6427 /* ApplePieUITestsLaunchTests.swift in Sources */,
				CD8907DE2C83450A00BF6427 /* ApplePieUITests.swift in Sources */,
			);
			runOnlyForDeploymentPostprocessing = 0;
		};
/* End PBXSourcesBuildPhase section */

/* Begin PBXTargetDependency section */
		CD8907D12C83450900BF6427 /* PBXTargetDependency */ = {
			isa = PBXTargetDependency;
			target = CD8907BE2C83450800BF6427 /* ApplePie */;
			targetProxy = CD8907D02C83450900BF6427 /* PBXContainerItemProxy */;
		};
		CD8907DB2C83450A00BF6427 /* PBXTargetDependency */ = {
			isa = PBXTargetDependency;
			target = CD8907BE2C83450800BF6427 /* ApplePie */;
			targetProxy = CD8907DA2C83450A00BF6427 /* PBXContainerItemProxy */;
		};
/* End PBXTargetDependency section */

/* Begin XCBuildConfiguration section */
		CD8907E12C83450A00BF6427 /* Debug */ = {
			isa = XCBuildConfiguration;
			buildSettings = {
				ALWAYS_SEARCH_USER_PATHS = NO;
				ASSETCATALOG_COMPILER_GENERATE_SWIFT_ASSET_SYMBOL_EXTENSIONS = YES;
				CLANG_ANALYZER_NONNULL = YES;
				CLANG_ANALYZER_NUMBER_OBJECT_CONVERSION = YES_AGGRESSIVE;
				CLANG_CXX_LANGUAGE_STANDARD = "gnu++20";
				CLANG_ENABLE_MODULES = YES;
				CLANG_ENABLE_OBJC_ARC = YES;
				CLANG_ENABLE_OBJC_WEAK = YES;
				CLANG_WARN_BLOCK_CAPTURE_AUTORELEASING = YES;
				CLANG_WARN_BOOL_CONVERSION = YES;
				CLANG_WARN_COMMA = YES;
				CLANG_WARN_CONSTANT_CONVERSION = YES;
				CLANG_WARN_DEPRECATED_OBJC_IMPLEMENTATIONS = YES;
				CLANG_WARN_DIRECT_OBJC_ISA_USAGE = YES_ERROR;
				CLANG_WARN_DOCUMENTATION_COMMENTS = YES;
				CLANG_WARN_EMPTY_BODY = YES;
				CLANG_WARN_ENUM_CONVERSION = YES;
				CLANG_WARN_INFINITE_RECURSION = YES;
				CLANG_WARN_INT_CONVERSION = YES;
				CLANG_WARN_NON_LITERAL_NULL_CONVERSION = YES;
				CLANG_WARN_OBJC_IMPLICIT_RETAIN_SELF = YES;
				CLANG_WARN_OBJC_LITERAL_CONVERSION = YES;
				CLANG_WARN_OBJC_ROOT_CLASS = YES_ERROR;
				CLANG_WARN_QUOTED_INCLUDE_IN_FRAMEWORK_HEADER = YES;
				CLANG_WARN_RANGE_LOOP_ANALYSIS = YES;
				CLANG_WARN_STRICT_PROTOTYPES = YES;
				CLANG_WARN_SUSPICIOUS_MOVE = YES;
				CLANG_WARN_UNGUARDED_AVAILABILITY = YES_AGGRESSIVE;
				CLANG_WARN_UNREACHABLE_CODE = YES;
				CLANG_WARN__DUPLICATE_METHOD_MATCH = YES;
				COPY_PHASE_STRIP = NO;
				DEBUG_INFORMATION_FORMAT = dwarf;
				ENABLE_STRICT_OBJC_MSGSEND = YES;
				ENABLE_TESTABILITY = YES;
				ENABLE_USER_SCRIPT_SANDBOXING = YES;
				GCC_C_LANGUAGE_STANDARD = gnu17;
				GCC_DYNAMIC_NO_PIC = NO;
				GCC_NO_COMMON_BLOCKS = YES;
				GCC_OPTIMIZATION_LEVEL = 0;
				GCC_PREPROCESSOR_DEFINITIONS = (
					"DEBUG=1",
					"$(inherited)",
				);
				GCC_WARN_64_TO_32_BIT_CONVERSION = YES;
				GCC_WARN_ABOUT_RETURN_TYPE = YES_ERROR;
				GCC_WARN_UNDECLARED_SELECTOR = YES;
				GCC_WARN_UNINITIALIZED_AUTOS = YES_AGGRESSIVE;
				GCC_WARN_UNUSED_FUNCTION = YES;
				GCC_WARN_UNUSED_VARIABLE = YES;
				IPHONEOS_DEPLOYMENT_TARGET = 17.5;
				LOCALIZATION_PREFERS_STRING_CATALOGS = YES;
				MTL_ENABLE_DEBUG_INFO = INCLUDE_SOURCE;
				MTL_FAST_MATH = YES;
				ONLY_ACTIVE_ARCH = YES;
				SDKROOT = iphoneos;
				SWIFT_ACTIVE_COMPILATION_CONDITIONS = "DEBUG $(inherited)";
				SWIFT_OPTIMIZATION_LEVEL = "-Onone";
			};
			name = Debug;
		};
		CD8907E22C83450A00BF6427 /* Release */ = {
			isa = XCBuildConfiguration;
			buildSettings = {
				ALWAYS_SEARCH_USER_PATHS = NO;
				ASSETCATALOG_COMPILER_GENERATE_SWIFT_ASSET_SYMBOL_EXTENSIONS = YES;
				CLANG_ANALYZER_NONNULL = YES;
				CLANG_ANALYZER_NUMBER_OBJECT_CONVERSION = YES_AGGRESSIVE;
				CLANG_CXX_LANGUAGE_STANDARD = "gnu++20";
				CLANG_ENABLE_MODULES = YES;
				CLANG_ENABLE_OBJC_ARC = YES;
				CLANG_ENABLE_OBJC_WEAK = YES;
				CLANG_WARN_BLOCK_CAPTURE_AUTORELEASING = YES;
				CLANG_WARN_BOOL_CONVERSION = YES;
				CLANG_WARN_COMMA = YES;
				CLANG_WARN_CONSTANT_CONVERSION = YES;
				CLANG_WARN_DEPRECATED_OBJC_IMPLEMENTATIONS = YES;
				CLANG_WARN_DIRECT_OBJC_ISA_USAGE = YES_ERROR;
				CLANG_WARN_DOCUMENTATION_COMMENTS = YES;
				CLANG_WARN_EMPTY_BODY = YES;
				CLANG_WARN_ENUM_CONVERSION = YES;
				CLANG_WARN_INFINITE_RECURSION = YES;
				CLANG_WARN_INT_CONVERSION = YES;
				CLANG_WARN_NON_LITERAL_NULL_CONVERSION = YES;
				CLANG_WARN_OBJC_IMPLICIT_RETAIN_SELF = YES;
				CLANG_WARN_OBJC_LITERAL_CONVERSION = YES;
				CLANG_WARN_OBJC_ROOT_CLASS = YES_ERROR;
				CLANG_WARN_QUOTED_INCLUDE_IN_FRAMEWORK_HEADER = YES;
				CLANG_WARN_RANGE_LOOP_ANALYSIS = YES;
				CLANG_WARN_STRICT_PROTOTYPES = YES;
				CLANG_WARN_SUSPICIOUS_MOVE = YES;
				CLANG_WARN_UNGUARDED_AVAILABILITY = YES_AGGRESSIVE;
				CLANG_WARN_UNREACHABLE_CODE = YES;
				CLANG_WARN__DUPLICATE_METHOD_MATCH = YES;
				COPY_PHASE_STRIP = NO;
				DEBUG_INFORMATION_FORMAT = "dwarf-with-dsym";
				ENABLE_NS_ASSERTIONS = NO;
				ENABLE_STRICT_OBJC_MSGSEND = YES;
				ENABLE_USER_SCRIPT_SANDBOXING = YES;
				GCC_C_LANGUAGE_STANDARD = gnu17;
				GCC_NO_COMMON_BLOCKS = YES;
				GCC_WARN_64_TO_32_BIT_CONVERSION = YES;
				GCC_WARN_ABOUT_RETURN_TYPE = YES_ERROR;
				GCC_WARN_UNDECLARED_SELECTOR = YES;
				GCC_WARN_UNINITIALIZED_AUTOS = YES_AGGRESSIVE;
				GCC_WARN_UNUSED_FUNCTION = YES;
				GCC_WARN_UNUSED_VARIABLE = YES;
				IPHONEOS_DEPLOYMENT_TARGET = 17.5;
				LOCALIZATION_PREFERS_STRING_CATALOGS = YES;
				MTL_ENABLE_DEBUG_INFO = NO;
				MTL_FAST_MATH = YES;
				SDKROOT = iphoneos;
				SWIFT_COMPILATION_MODE = wholemodule;
				VALIDATE_PRODUCT = YES;
			};
			name = Release;
		};
		CD8907E42C83450A00BF6427 /* Debug */ = {
			isa = XCBuildConfiguration;
			buildSettings = {
				ASSETCATALOG_COMPILER_APPICON_NAME = AppIcon;
				ASSETCATALOG_COMPILER_GLOBAL_ACCENT_COLOR_NAME = AccentColor;
				CODE_SIGN_STYLE = Automatic;
				CURRENT_PROJECT_VERSION = 1;
				DEVELOPMENT_ASSET_PATHS = "\"ApplePie/Preview Content\"";
				DEVELOPMENT_TEAM = 4GFT6S3Q9D;
				ENABLE_PREVIEWS = YES;
				GENERATE_INFOPLIST_FILE = YES;
				INFOPLIST_KEY_UIApplicationSceneManifest_Generation = YES;
				INFOPLIST_KEY_UIApplicationSupportsIndirectInputEvents = YES;
				INFOPLIST_KEY_UILaunchScreen_Generation = YES;
				INFOPLIST_KEY_UISupportedInterfaceOrientations_iPad = "UIInterfaceOrientationPortrait UIInterfaceOrientationPortraitUpsideDown UIInterfaceOrientationLandscapeLeft UIInterfaceOrientationLandscapeRight";
				INFOPLIST_KEY_UISupportedInterfaceOrientations_iPhone = "UIInterfaceOrientationPortrait UIInterfaceOrientationLandscapeLeft UIInterfaceOrientationLandscapeRight";
				LD_RUNPATH_SEARCH_PATHS = (
					"$(inherited)",
					"@executable_path/Frameworks",
				);
				MARKETING_VERSION = 1.0;
				PRODUCT_BUNDLE_IDENTIFIER = com.eduapinh.ApplePie;
				PRODUCT_NAME = "$(TARGET_NAME)";
				SWIFT_EMIT_LOC_STRINGS = YES;
				SWIFT_VERSION = 5.0;
				TARGETED_DEVICE_FAMILY = "1,2";
			};
			name = Debug;
		};
		CD8907E52C83450A00BF6427 /* Release */ = {
			isa = XCBuildConfiguration;
			buildSettings = {
				ASSETCATALOG_COMPILER_APPICON_NAME = AppIcon;
				ASSETCATALOG_COMPILER_GLOBAL_ACCENT_COLOR_NAME = AccentColor;
				CODE_SIGN_STYLE = Automatic;
				CURRENT_PROJECT_VERSION = 1;
				DEVELOPMENT_ASSET_PATHS = "\"ApplePie/Preview Content\"";
				DEVELOPMENT_TEAM = 4GFT6S3Q9D;
				ENABLE_PREVIEWS = YES;
				GENERATE_INFOPLIST_FILE = YES;
				INFOPLIST_KEY_UIApplicationSceneManifest_Generation = YES;
				INFOPLIST_KEY_UIApplicationSupportsIndirectInputEvents = YES;
				INFOPLIST_KEY_UILaunchScreen_Generation = YES;
				INFOPLIST_KEY_UISupportedInterfaceOrientations_iPad = "UIInterfaceOrientationPortrait UIInterfaceOrientationPortraitUpsideDown UIInterfaceOrientationLandscapeLeft UIInterfaceOrientationLandscapeRight";
				INFOPLIST_KEY_UISupportedInterfaceOrientations_iPhone = "UIInterfaceOrientationPortrait UIInterfaceOrientationLandscapeLeft UIInterfaceOrientationLandscapeRight";
				LD_RUNPATH_SEARCH_PATHS = (
					"$(inherited)",
					"@executable_path/Frameworks",
				);
				MARKETING_VERSION = 1.0;
				PRODUCT_BUNDLE_IDENTIFIER = com.eduapinh.ApplePie;
				PRODUCT_NAME = "$(TARGET_NAME)";
				SWIFT_EMIT_LOC_STRINGS = YES;
				SWIFT_VERSION = 5.0;
				TARGETED_DEVICE_FAMILY = "1,2";
			};
			name = Release;
		};
		CD8907E72C83450A00BF6427 /* Debug */ = {
			isa = XCBuildConfiguration;
			buildSettings = {
				ALWAYS_EMBED_SWIFT_STANDARD_LIBRARIES = YES;
				BUNDLE_LOADER = "$(TEST_HOST)";
				CODE_SIGN_STYLE = Automatic;
				CURRENT_PROJECT_VERSION = 1;
				DEVELOPMENT_TEAM = 4GFT6S3Q9D;
				GENERATE_INFOPLIST_FILE = YES;
				IPHONEOS_DEPLOYMENT_TARGET = 17.5;
				MARKETING_VERSION = 1.0;
				PRODUCT_BUNDLE_IDENTIFIER = com.eduapinh.ApplePieTests;
				PRODUCT_NAME = "$(TARGET_NAME)";
				SWIFT_EMIT_LOC_STRINGS = NO;
				SWIFT_VERSION = 5.0;
				TARGETED_DEVICE_FAMILY = "1,2";
				TEST_HOST = "$(BUILT_PRODUCTS_DIR)/ApplePie.app/$(BUNDLE_EXECUTABLE_FOLDER_PATH)/ApplePie";
			};
			name = Debug;
		};
		CD8907E82C83450A00BF6427 /* Release */ = {
			isa = XCBuildConfiguration;
			buildSettings = {
				ALWAYS_EMBED_SWIFT_STANDARD_LIBRARIES = YES;
				BUNDLE_LOADER = "$(TEST_HOST)";
				CODE_SIGN_STYLE = Automatic;
				CURRENT_PROJECT_VERSION = 1;
				DEVELOPMENT_TEAM = 4GFT6S3Q9D;
				GENERATE_INFOPLIST_FILE = YES;
				IPHONEOS_DEPLOYMENT_TARGET = 17.5;
				MARKETING_VERSION = 1.0;
				PRODUCT_BUNDLE_IDENTIFIER = com.eduapinh.ApplePieTests;
				PRODUCT_NAME = "$(TARGET_NAME)";
				SWIFT_EMIT_LOC_STRINGS = NO;
				SWIFT_VERSION = 5.0;
				TARGETED_DEVICE_FAMILY = "1,2";
				TEST_HOST = "$(BUILT_PRODUCTS_DIR)/ApplePie.app/$(BUNDLE_EXECUTABLE_FOLDER_PATH)/ApplePie";
			};
			name = Release;
		};
		CD8907EA2C83450A00BF6427 /* Debug */ = {
			isa = XCBuildConfiguration;
			buildSettings = {
				ALWAYS_EMBED_SWIFT_STANDARD_LIBRARIES = YES;
				CODE_SIGN_STYLE = Automatic;
				CURRENT_PROJECT_VERSION = 1;
				DEVELOPMENT_TEAM = 4GFT6S3Q9D;
				GENERATE_INFOPLIST_FILE = YES;
				MARKETING_VERSION = 1.0;
				PRODUCT_BUNDLE_IDENTIFIER = com.eduapinh.ApplePieUITests;
				PRODUCT_NAME = "$(TARGET_NAME)";
				SWIFT_EMIT_LOC_STRINGS = NO;
				SWIFT_VERSION = 5.0;
				TARGETED_DEVICE_FAMILY = "1,2";
				TEST_TARGET_NAME = ApplePie;
			};
			name = Debug;
		};
		CD8907EB2C83450A00BF6427 /* Release */ = {
			isa = XCBuildConfiguration;
			buildSettings = {
				ALWAYS_EMBED_SWIFT_STANDARD_LIBRARIES = YES;
				CODE_SIGN_STYLE = Automatic;
				CURRENT_PROJECT_VERSION = 1;
				DEVELOPMENT_TEAM = 4GFT6S3Q9D;
				GENERATE_INFOPLIST_FILE = YES;
				MARKETING_VERSION = 1.0;
				PRODUCT_BUNDLE_IDENTIFIER = com.eduapinh.ApplePieUITests;
				PRODUCT_NAME = "$(TARGET_NAME)";
				SWIFT_EMIT_LOC_STRINGS = NO;
				SWIFT_VERSION = 5.0;
				TARGETED_DEVICE_FAMILY = "1,2";
				TEST_TARGET_NAME = ApplePie;
			};
			name = Release;
		};
/* End XCBuildConfiguration section */

/* Begin XCConfigurationList section */
		CD8907BA2C83450800BF6427 /* Build configuration list for PBXProject "ApplePie" */ = {
			isa = XCConfigurationList;
			buildConfigurations = (
				CD8907E12C83450A00BF6427 /* Debug */,
				CD8907E22C83450A00BF6427 /* Release */,
			);
			defaultConfigurationIsVisible = 0;
			defaultConfigurationName = Release;
		};
		CD8907E32C83450A00BF6427 /* Build configuration list for PBXNativeTarget "ApplePie" */ = {
			isa = XCConfigurationList;
			buildConfigurations = (
				CD8907E42C83450A00BF6427 /* Debug */,
				CD8907E52C83450A00BF6427 /* Release */,
			);
			defaultConfigurationIsVisible = 0;
			defaultConfigurationName = Release;
		};
		CD8907E62C83450A00BF6427 /* Build configuration list for PBXNativeTarget "ApplePieTests" */ = {
			isa = XCConfigurationList;
			buildConfigurations = (
				CD8907E72C83450A00BF6427 /* Debug */,
				CD8907E82C83450A00BF6427 /* Release */,
			);
			defaultConfigurationIsVisible = 0;
			defaultConfigurationName = Release;
		};
		CD8907E92C83450A00BF6427 /* Build configuration list for PBXNativeTarget "ApplePieUITests" */ = {
			isa = XCConfigurationList;
			buildConfigurations = (
				CD8907EA2C83450A00BF6427 /* Debug */,
				CD8907EB2C83450A00BF6427 /* Release */,
			);
			defaultConfigurationIsVisible = 0;
			defaultConfigurationName = Release;
		};
/* End XCConfigurationList section */
	};
	rootObject = CD8907B72C83450800BF6427 /* Project object */;
}
